
Microsoft Visual Studio Solution File, Format Version 12.00
Project("{FAE04EC0-301F-11D3-BF4B-00C04F79EFBC}") = "cp-journey-backend", "cp-journey-backend\cp-journey-backend.csproj", "{373270A1-C242-42B3-A22C-5EBEF5109184}"
EndProject
Project("{FAE04EC0-301F-11D3-BF4B-00C04F79EFBC}") = "IntegrationTests", "IntegrationTests\IntegrationTests.csproj", "{129634C1-0E42-4A20-953A-E21471FD1B72}"
EndProject
Global
	GlobalSection(SolutionConfigurationPlatforms) = preSolution
		Debug|Any CPU = Debug|Any CPU
		Release|Any CPU = Release|Any CPU
	EndGlobalSection
	GlobalSection(ProjectConfigurationPlatforms) = postSolution
		{373270A1-C242-42B3-A22C-5EBEF5109184}.Debug|Any CPU.ActiveCfg = Debug|Any CPU
		{373270A1-C242-42B3-A22C-5EBEF5109184}.Debug|Any CPU.Build.0 = Debug|Any CPU
		{373270A1-C242-42B3-A22C-5EBEF5109184}.Release|Any CPU.ActiveCfg = Release|Any CPU
		{373270A1-C242-42B3-A22C-5EBEF5109184}.Release|Any CPU.Build.0 = Release|Any CPU
		{129634C1-0E42-4A20-953A-E21471FD1B72}.Debug|Any CPU.ActiveCfg = Debug|Any CPU
		{129634C1-0E42-4A20-953A-E21471FD1B72}.Debug|Any CPU.Build.0 = Debug|Any CPU
		{129634C1-0E42-4A20-953A-E21471FD1B72}.Release|Any CPU.ActiveCfg = Release|Any CPU
		{129634C1-0E42-4A20-953A-E21471FD1B72}.Release|Any CPU.Build.0 = Release|Any CPU
	EndGlobalSection
EndGlobal
